// !$*UTF8*$!
{
	archiveVersion = 1;
	classes = {
	};
	objectVersion = 50;
	objects = {

/* Begin PBXBuildFile section */
		731573311B3E1F5764EFA2CF /* Pods_RulAR.framework in Frameworks */ = {isa = PBXBuildFile; fileRef = 32825DA96536848EDCFA278F /* Pods_RulAR.framework */; };
		7BE4312722CD004E005342AD /* AppDelegate.swift in Sources */ = {isa = PBXBuildFile; fileRef = 7BE4312622CD004E005342AD /* AppDelegate.swift */; };
		7BE4312B22CD004E005342AD /* ViewController.swift in Sources */ = {isa = PBXBuildFile; fileRef = 7BE4312A22CD004E005342AD /* ViewController.swift */; };
		7BE4312E22CD004E005342AD /* Main.storyboard in Resources */ = {isa = PBXBuildFile; fileRef = 7BE4312C22CD004E005342AD /* Main.storyboard */; };
		7BE4313022CD004F005342AD /* Assets.xcassets in Resources */ = {isa = PBXBuildFile; fileRef = 7BE4312F22CD004F005342AD /* Assets.xcassets */; };
		7BE4313322CD004F005342AD /* LaunchScreen.storyboard in Resources */ = {isa = PBXBuildFile; fileRef = 7BE4313122CD004F005342AD /* LaunchScreen.storyboard */; };
/* End PBXBuildFile section */

/* Begin PBXFileReference section */
		32825DA96536848EDCFA278F /* Pods_RulAR.framework */ = {isa = PBXFileReference; explicitFileType = wrapper.framework; includeInIndex = 0; path = Pods_RulAR.framework; sourceTree = BUILT_PRODUCTS_DIR; };
		385D9A7517AD9FC320C49F76 /* Pods-RulAR.release.xcconfig */ = {isa = PBXFileReference; includeInIndex = 1; lastKnownFileType = text.xcconfig; name = "Pods-RulAR.release.xcconfig"; path = "Target Support Files/Pods-RulAR/Pods-RulAR.release.xcconfig"; sourceTree = "<group>"; };
		7BE4312322CD004E005342AD /* RulAR.app */ = {isa = PBXFileReference; explicitFileType = wrapper.application; includeInIndex = 0; path = RulAR.app; sourceTree = BUILT_PRODUCTS_DIR; };
		7BE4312622CD004E005342AD /* AppDelegate.swift */ = {isa = PBXFileReference; lastKnownFileType = sourcecode.swift; path = AppDelegate.swift; sourceTree = "<group>"; };
		7BE4312A22CD004E005342AD /* ViewController.swift */ = {isa = PBXFileReference; lastKnownFileType = sourcecode.swift; path = ViewController.swift; sourceTree = "<group>"; };
		7BE4312D22CD004E005342AD /* Base */ = {isa = PBXFileReference; lastKnownFileType = file.storyboard; name = Base; path = Base.lproj/Main.storyboard; sourceTree = "<group>"; };
		7BE4312F22CD004F005342AD /* Assets.xcassets */ = {isa = PBXFileReference; lastKnownFileType = folder.assetcatalog; path = Assets.xcassets; sourceTree = "<group>"; };
		7BE4313222CD004F005342AD /* Base */ = {isa = PBXFileReference; lastKnownFileType = file.storyboard; name = Base; path = Base.lproj/LaunchScreen.storyboard; sourceTree = "<group>"; };
		7BE4313422CD004F005342AD /* Info.plist */ = {isa = PBXFileReference; lastKnownFileType = text.plist.xml; path = Info.plist; sourceTree = "<group>"; };
		B947F6140C9E7865C9970CD3 /* Pods-RulAR.debug.xcconfig */ = {isa = PBXFileReference; includeInIndex = 1; lastKnownFileType = text.xcconfig; name = "Pods-RulAR.debug.xcconfig"; path = "Target Support Files/Pods-RulAR/Pods-RulAR.debug.xcconfig"; sourceTree = "<group>"; };
/* End PBXFileReference section */

/* Begin PBXFrameworksBuildPhase section */
		7BE4312022CD004E005342AD /* Frameworks */ = {
			isa = PBXFrameworksBuildPhase;
			buildActionMask = 2147483647;
			files = (
				731573311B3E1F5764EFA2CF /* Pods_RulAR.framework in Frameworks */,
			);
			runOnlyForDeploymentPostprocessing = 0;
		};
/* End PBXFrameworksBuildPhase section */

/* Begin PBXGroup section */
		7ACD19FE750962E225040307 /* Frameworks */ = {
			isa = PBXGroup;
			children = (
				32825DA96536848EDCFA278F /* Pods_RulAR.framework */,
			);
			name = Frameworks;
			sourceTree = "<group>";
		};
		7BE4311A22CD004E005342AD = {
			isa = PBXGroup;
			children = (
				7BE4312522CD004E005342AD /* RulAR */,
				7BE4312422CD004E005342AD /* Products */,
				81CF1CA4B731CA6B7915AF7B /* Pods */,
				7ACD19FE750962E225040307 /* Frameworks */,
			);
			sourceTree = "<group>";
		};
		7BE4312422CD004E005342AD /* Products */ = {
			isa = PBXGroup;
			children = (
				7BE4312322CD004E005342AD /* RulAR.app */,
			);
			name = Products;
			sourceTree = "<group>";
		};
		7BE4312522CD004E005342AD /* RulAR */ = {
			isa = PBXGroup;
			children = (
				7BE4312622CD004E005342AD /* AppDelegate.swift */,
				7BE4312A22CD004E005342AD /* ViewController.swift */,
				7BE4312C22CD004E005342AD /* Main.storyboard */,
				7BE4313122CD004F005342AD /* LaunchScreen.storyboard */,
				7BE4312F22CD004F005342AD /* Assets.xcassets */,
				7BE4313422CD004F005342AD /* Info.plist */,
			);
			path = RulAR;
			sourceTree = "<group>";
		};
		81CF1CA4B731CA6B7915AF7B /* Pods */ = {
			isa = PBXGroup;
			children = (
				B947F6140C9E7865C9970CD3 /* Pods-RulAR.debug.xcconfig */,
				385D9A7517AD9FC320C49F76 /* Pods-RulAR.release.xcconfig */,
			);
			path = Pods;
			sourceTree = "<group>";
		};
/* End PBXGroup section */

/* Begin PBXNativeTarget section */
		7BE4312222CD004E005342AD /* RulAR */ = {
			isa = PBXNativeTarget;
			buildConfigurationList = 7BE4313722CD004F005342AD /* Build configuration list for PBXNativeTarget "RulAR" */;
			buildPhases = (
				BF7DE1BC11A97F3711838146 /* [CP] Check Pods Manifest.lock */,
				7BE4311F22CD004E005342AD /* Sources */,
				7BE4312022CD004E005342AD /* Frameworks */,
				7BE4312122CD004E005342AD /* Resources */,
				2C57CB9E31EC185241A52273 /* [CP] Embed Pods Frameworks */,
			);
			buildRules = (
			);
			dependencies = (
			);
			name = RulAR;
			productName = RulAR;
			productReference = 7BE4312322CD004E005342AD /* RulAR.app */;
			productType = "com.apple.product-type.application";
		};
/* End PBXNativeTarget section */

/* Begin PBXProject section */
		7BE4311B22CD004E005342AD /* Project object */ = {
			isa = PBXProject;
			attributes = {
				LastSwiftUpdateCheck = 1020;
				LastUpgradeCheck = 1020;
				ORGANIZATIONNAME = "CMG Solutions";
				TargetAttributes = {
					7BE4312222CD004E005342AD = {
						CreatedOnToolsVersion = 10.2.1;
					};
				};
			};
			buildConfigurationList = 7BE4311E22CD004E005342AD /* Build configuration list for PBXProject "RulAR" */;
			compatibilityVersion = "Xcode 9.3";
			developmentRegion = en;
			hasScannedForEncodings = 0;
			knownRegions = (
				en,
				Base,
			);
			mainGroup = 7BE4311A22CD004E005342AD;
			productRefGroup = 7BE4312422CD004E005342AD /* Products */;
			projectDirPath = "";
			projectRoot = "";
			targets = (
				7BE4312222CD004E005342AD /* RulAR */,
			);
		};
/* End PBXProject section */

/* Begin PBXResourcesBuildPhase section */
		7BE4312122CD004E005342AD /* Resources */ = {
			isa = PBXResourcesBuildPhase;
			buildActionMask = 2147483647;
			files = (
				7BE4313322CD004F005342AD /* LaunchScreen.storyboard in Resources */,
				7BE4313022CD004F005342AD /* Assets.xcassets in Resources */,
				7BE4312E22CD004E005342AD /* Main.storyboard in Resources */,
			);
			runOnlyForDeploymentPostprocessing = 0;
		};
/* End PBXResourcesBuildPhase section */

/* Begin PBXShellScriptBuildPhase section */
		2C57CB9E31EC185241A52273 /* [CP] Embed Pods Frameworks */ = {
			isa = PBXShellScriptBuildPhase;
			buildActionMask = 2147483647;
			files = (
			);
			inputFileListPaths = (
			);
			inputPaths = (
				"${PODS_ROOT}/Target Support Files/Pods-RulAR/Pods-RulAR-frameworks.sh",
				"${BUILT_PRODUCTS_DIR}/ChameleonFramework/ChameleonFramework.framework",
				"${BUILT_PRODUCTS_DIR}/SCNLine/SCNLine.framework",
			);
			name = "[CP] Embed Pods Frameworks";
			outputFileListPaths = (
			);
			outputPaths = (
				"${TARGET_BUILD_DIR}/${FRAMEWORKS_FOLDER_PATH}/ChameleonFramework.framework",
				"${TARGET_BUILD_DIR}/${FRAMEWORKS_FOLDER_PATH}/SCNLine.framework",
			);
			runOnlyForDeploymentPostprocessing = 0;
			shellPath = /bin/sh;
			shellScript = "\"${PODS_ROOT}/Target Support Files/Pods-RulAR/Pods-RulAR-frameworks.sh\"\n";
			showEnvVarsInLog = 0;
		};
		BF7DE1BC11A97F3711838146 /* [CP] Check Pods Manifest.lock */ = {
			isa = PBXShellScriptBuildPhase;
			buildActionMask = 2147483647;
			files = (
			);
			inputFileListPaths = (
			);
			inputPaths = (
				"${PODS_PODFILE_DIR_PATH}/Podfile.lock",
				"${PODS_ROOT}/Manifest.lock",
			);
			name = "[CP] Check Pods Manifest.lock";
			outputFileListPaths = (
			);
			outputPaths = (
				"$(DERIVED_FILE_DIR)/Pods-RulAR-checkManifestLockResult.txt",
			);
			runOnlyForDeploymentPostprocessing = 0;
			shellPath = /bin/sh;
			shellScript = "diff \"${PODS_PODFILE_DIR_PATH}/Podfile.lock\" \"${PODS_ROOT}/Manifest.lock\" > /dev/null\nif [ $? != 0 ] ; then\n    # print error to STDERR\n    echo \"error: The sandbox is not in sync with the Podfile.lock. Run 'pod install' or update your CocoaPods installation.\" >&2\n    exit 1\nfi\n# This output is used by Xcode 'outputs' to avoid re-running this script phase.\necho \"SUCCESS\" > \"${SCRIPT_OUTPUT_FILE_0}\"\n";
			showEnvVarsInLog = 0;
		};
/* End PBXShellScriptBuildPhase section */

/* Begin PBXSourcesBuildPhase section */
		7BE4311F22CD004E005342AD /* Sources */ = {
			isa = PBXSourcesBuildPhase;
			buildActionMask = 2147483647;
			files = (
				7BE4312B22CD004E005342AD /* ViewController.swift in Sources */,
				7BE4312722CD004E005342AD /* AppDelegate.swift in Sources */,
			);
			runOnlyForDeploymentPostprocessing = 0;
		};
/* End PBXSourcesBuildPhase section */

/* Begin PBXVariantGroup section */
		7BE4312C22CD004E005342AD /* Main.storyboard */ = {
			isa = PBXVariantGroup;
			children = (
				7BE4312D22CD004E005342AD /* Base */,
			);
			name = Main.storyboard;
			sourceTree = "<group>";
		};
		7BE4313122CD004F005342AD /* LaunchScreen.storyboard */ = {
			isa = PBXVariantGroup;
			children = (
				7BE4313222CD004F005342AD /* Base */,
			);
			name = LaunchScreen.storyboard;
			sourceTree = "<group>";
		};
/* End PBXVariantGroup section */

/* Begin XCBuildConfiguration section */
		7BE4313522CD004F005342AD /* Debug */ = {
			isa = XCBuildConfiguration;
			buildSettings = {
				ALWAYS_SEARCH_USER_PATHS = NO;
				CLANG_ANALYZER_NONNULL = YES;
				CLANG_ANALYZER_NUMBER_OBJECT_CONVERSION = YES_AGGRESSIVE;
				CLANG_CXX_LANGUAGE_STANDARD = "gnu++14";
				CLANG_CXX_LIBRARY = "libc++";
				CLANG_ENABLE_MODULES = YES;
				CLANG_ENABLE_OBJC_ARC = YES;
				CLANG_ENABLE_OBJC_WEAK = YES;
				CLANG_WARN_BLOCK_CAPTURE_AUTORELEASING = YES;
				CLANG_WARN_BOOL_CONVERSION = YES;
				CLANG_WARN_COMMA = YES;
				CLANG_WARN_CONSTANT_CONVERSION = YES;
				CLANG_WARN_DEPRECATED_OBJC_IMPLEMENTATIONS = YES;
				CLANG_WARN_DIRECT_OBJC_ISA_USAGE = YES_ERROR;
				CLANG_WARN_DOCUMENTATION_COMMENTS = YES;
				CLANG_WARN_EMPTY_BODY = YES;
				CLANG_WARN_ENUM_CONVERSION = YES;
				CLANG_WARN_INFINITE_RECURSION = YES;
				CLANG_WARN_INT_CONVERSION = YES;
				CLANG_WARN_NON_LITERAL_NULL_CONVERSION = YES;
				CLANG_WARN_OBJC_IMPLICIT_RETAIN_SELF = YES;
				CLANG_WARN_OBJC_LITERAL_CONVERSION = YES;
				CLANG_WARN_OBJC_ROOT_CLASS = YES_ERROR;
				CLANG_WARN_RANGE_LOOP_ANALYSIS = YES;
				CLANG_WARN_STRICT_PROTOTYPES = YES;
				CLANG_WARN_SUSPICIOUS_MOVE = YES;
				CLANG_WARN_UNGUARDED_AVAILABILITY = YES_AGGRESSIVE;
				CLANG_WARN_UNREACHABLE_CODE = YES;
				CLANG_WARN__DUPLICATE_METHOD_MATCH = YES;
				CODE_SIGN_IDENTITY = "iPhone Developer";
				COPY_PHASE_STRIP = NO;
				DEBUG_INFORMATION_FORMAT = dwarf;
				ENABLE_STRICT_OBJC_MSGSEND = YES;
				ENABLE_TESTABILITY = YES;
				GCC_C_LANGUAGE_STANDARD = gnu11;
				GCC_DYNAMIC_NO_PIC = NO;
				GCC_NO_COMMON_BLOCKS = YES;
				GCC_OPTIMIZATION_LEVEL = 0;
				GCC_PREPROCESSOR_DEFINITIONS = (
					"DEBUG=1",
					"$(inherited)",
				);
				GCC_WARN_64_TO_32_BIT_CONVERSION = YES;
				GCC_WARN_ABOUT_RETURN_TYPE = YES_ERROR;
				GCC_WARN_UNDECLARED_SELECTOR = YES;
				GCC_WARN_UNINITIALIZED_AUTOS = YES_AGGRESSIVE;
				GCC_WARN_UNUSED_FUNCTION = YES;
				GCC_WARN_UNUSED_VARIABLE = YES;
				IPHONEOS_DEPLOYMENT_TARGET = 12.2;
				MTL_ENABLE_DEBUG_INFO = INCLUDE_SOURCE;
				MTL_FAST_MATH = YES;
				ONLY_ACTIVE_ARCH = YES;
				SDKROOT = iphoneos;
				SWIFT_ACTIVE_COMPILATION_CONDITIONS = DEBUG;
				SWIFT_OPTIMIZATION_LEVEL = "-Onone";
			};
			name = Debug;
		};
		7BE4313622CD004F005342AD /* Release */ = {
			isa = XCBuildConfiguration;
			buildSettings = {
				ALWAYS_SEARCH_USER_PATHS = NO;
				CLANG_ANALYZER_NONNULL = YES;
				CLANG_ANALYZER_NUMBER_OBJECT_CONVERSION = YES_AGGRESSIVE;
				CLANG_CXX_LANGUAGE_STANDARD = "gnu++14";
				CLANG_CXX_LIBRARY = "libc++";
				CLANG_ENABLE_MODULES = YES;
				CLANG_ENABLE_OBJC_ARC = YES;
				CLANG_ENABLE_OBJC_WEAK = YES;
				CLANG_WARN_BLOCK_CAPTURE_AUTORELEASING = YES;
				CLANG_WARN_BOOL_CONVERSION = YES;
				CLANG_WARN_COMMA = YES;
				CLANG_WARN_CONSTANT_CONVERSION = YES;
				CLANG_WARN_DEPRECATED_OBJC_IMPLEMENTATIONS = YES;
				CLANG_WARN_DIRECT_OBJC_ISA_USAGE = YES_ERROR;
				CLANG_WARN_DOCUMENTATION_COMMENTS = YES;
				CLANG_WARN_EMPTY_BODY = YES;
				CLANG_WARN_ENUM_CONVERSION = YES;
				CLANG_WARN_INFINITE_RECURSION = YES;
				CLANG_WARN_INT_CONVERSION = YES;
				CLANG_WARN_NON_LITERAL_NULL_CONVERSION = YES;
				CLANG_WARN_OBJC_IMPLICIT_RETAIN_SELF = YES;
				CLANG_WARN_OBJC_LITERAL_CONVERSION = YES;
				CLANG_WARN_OBJC_ROOT_CLASS = YES_ERROR;
				CLANG_WARN_RANGE_LOOP_ANALYSIS = YES;
				CLANG_WARN_STRICT_PROTOTYPES = YES;
				CLANG_WARN_SUSPICIOUS_MOVE = YES;
				CLANG_WARN_UNGUARDED_AVAILABILITY = YES_AGGRESSIVE;
				CLANG_WARN_UNREACHABLE_CODE = YES;
				CLANG_WARN__DUPLICATE_METHOD_MATCH = YES;
				CODE_SIGN_IDENTITY = "iPhone Developer";
				COPY_PHASE_STRIP = NO;
				DEBUG_INFORMATION_FORMAT = "dwarf-with-dsym";
				ENABLE_NS_ASSERTIONS = NO;
				ENABLE_STRICT_OBJC_MSGSEND = YES;
				GCC_C_LANGUAGE_STANDARD = gnu11;
				GCC_NO_COMMON_BLOCKS = YES;
				GCC_WARN_64_TO_32_BIT_CONVERSION = YES;
				GCC_WARN_ABOUT_RETURN_TYPE = YES_ERROR;
				GCC_WARN_UNDECLARED_SELECTOR = YES;
				GCC_WARN_UNINITIALIZED_AUTOS = YES_AGGRESSIVE;
				GCC_WARN_UNUSED_FUNCTION = YES;
				GCC_WARN_UNUSED_VARIABLE = YES;
				IPHONEOS_DEPLOYMENT_TARGET = 12.2;
				MTL_ENABLE_DEBUG_INFO = NO;
				MTL_FAST_MATH = YES;
				SDKROOT = iphoneos;
				SWIFT_COMPILATION_MODE = wholemodule;
				SWIFT_OPTIMIZATION_LEVEL = "-O";
				VALIDATE_PRODUCT = YES;
			};
			name = Release;
		};
		7BE4313822CD004F005342AD /* Debug */ = {
			isa = XCBuildConfiguration;
			baseConfigurationReference = B947F6140C9E7865C9970CD3 /* Pods-RulAR.debug.xcconfig */;
			buildSettings = {
				ASSETCATALOG_COMPILER_APPICON_NAME = AppIcon;
				CODE_SIGN_STYLE = Automatic;
				DEVELOPMENT_TEAM = 483MJDY6SJ;
				INFOPLIST_FILE = RulAR/Info.plist;
				LD_RUNPATH_SEARCH_PATHS = (
					"$(inherited)",
					"@executable_path/Frameworks",
				);
				PRODUCT_BUNDLE_IDENTIFIER = com.cmg.RulAR;
				PRODUCT_NAME = "$(TARGET_NAME)";
				SWIFT_VERSION = 5.0;
				TARGETED_DEVICE_FAMILY = "1,2";
			};
			name = Debug;
		};
		7BE4313922CD004F005342AD /* Release */ = {
			isa = XCBuildConfiguration;
			baseConfigurationReference = 385D9A7517AD9FC320C49F76 /* Pods-RulAR.release.xcconfig */;
			buildSettings = {
				ASSETCATALOG_COMPILER_APPICON_NAME = AppIcon;
				CODE_SIGN_STYLE = Automatic;
				DEVELOPMENT_TEAM = 483MJDY6SJ;
				INFOPLIST_FILE = RulAR/Info.plist;
				LD_RUNPATH_SEARCH_PATHS = (
					"$(inherited)",
					"@executable_path/Frameworks",
				);
				PRODUCT_BUNDLE_IDENTIFIER = com.cmg.RulAR;
				PRODUCT_NAME = "$(TARGET_NAME)";
				SWIFT_VERSION = 5.0;
				TARGETED_DEVICE_FAMILY = "1,2";
			};
			name = Release;
		};
/* End XCBuildConfiguration section */

/* Begin XCConfigurationList section */
		7BE4311E22CD004E005342AD /* Build configuration list for PBXProject "RulAR" */ = {
			isa = XCConfigurationList;
			buildConfigurations = (
				7BE4313522CD004F005342AD /* Debug */,
				7BE4313622CD004F005342AD /* Release */,
			);
			defaultConfigurationIsVisible = 0;
			defaultConfigurationName = Release;
		};
		7BE4313722CD004F005342AD /* Build configuration list for PBXNativeTarget "RulAR" */ = {
			isa = XCConfigurationList;
			buildConfigurations = (
				7BE4313822CD004F005342AD /* Debug */,
				7BE4313922CD004F005342AD /* Release */,
			);
			defaultConfigurationIsVisible = 0;
			defaultConfigurationName = Release;
		};
/* End XCConfigurationList section */
	};
	rootObject = 7BE4311B22CD004E005342AD /* Project object */;
}
